
Microsoft Visual Studio Solution File, Format Version 12.00
# Visual Studio Version 17
VisualStudioVersion = 17.5.33530.505
MinimumVisualStudioVersion = 10.0.40219.1
Project("{FAE04EC0-301F-11D3-BF4B-00C04F79EFBC}") = "MVC_ProjeKampi", "MVC_ProjeKampi\MVC_ProjeKampi.csproj", "{15F3992D-7E0B-4377-849C-8ADADDDEC5E3}"
EndProject
Project("{FAE04EC0-301F-11D3-BF4B-00C04F79EFBC}") = "EntityLayer", "EntityLayer\EntityLayer.csproj", "{1F2F8EF5-B947-4FAC-865B-7EF018CDB22B}"
EndProject
Project("{FAE04EC0-301F-11D3-BF4B-00C04F79EFBC}") = "DataAccessLayer", "DataAccessLayer\DataAccessLayer.csproj", "{39E95FBB-2B8A-42C6-B36B-A228E3687561}"
EndProject
Project("{FAE04EC0-301F-11D3-BF4B-00C04F79EFBC}") = "BusinessLayer", "BusinessLayer\BusinessLayer.csproj", "{EAEBA221-A8F3-42BC-8BBC-7219FA0BFC6D}"
EndProject
Global
	GlobalSection(SolutionConfigurationPlatforms) = preSolution
		Debug|Any CPU = Debug|Any CPU
		Release|Any CPU = Release|Any CPU
	EndGlobalSection
	GlobalSection(ProjectConfigurationPlatforms) = postSolution
		{15F3992D-7E0B-4377-849C-8ADADDDEC5E3}.Debug|Any CPU.ActiveCfg = Debug|Any CPU
		{15F3992D-7E0B-4377-849C-8ADADDDEC5E3}.Debug|Any CPU.Build.0 = Debug|Any CPU
		{15F3992D-7E0B-4377-849C-8ADADDDEC5E3}.Release|Any CPU.ActiveCfg = Release|Any CPU
		{15F3992D-7E0B-4377-849C-8ADADDDEC5E3}.Release|Any CPU.Build.0 = Release|Any CPU
		{1F2F8EF5-B947-4FAC-865B-7EF018CDB22B}.Debug|Any CPU.ActiveCfg = Debug|Any CPU
		{1F2F8EF5-B947-4FAC-865B-7EF018CDB22B}.Debug|Any CPU.Build.0 = Debug|Any CPU
		{1F2F8EF5-B947-4FAC-865B-7EF018CDB22B}.Release|Any CPU.ActiveCfg = Release|Any CPU
		{1F2F8EF5-B947-4FAC-865B-7EF018CDB22B}.Release|Any CPU.Build.0 = Release|Any CPU
		{39E95FBB-2B8A-42C6-B36B-A228E3687561}.Debug|Any CPU.ActiveCfg = Debug|Any CPU
		{39E95FBB-2B8A-42C6-B36B-A228E3687561}.Debug|Any CPU.Build.0 = Debug|Any CPU
		{39E95FBB-2B8A-42C6-B36B-A228E3687561}.Release|Any CPU.ActiveCfg = Release|Any CPU
		{39E95FBB-2B8A-42C6-B36B-A228E3687561}.Release|Any CPU.Build.0 = Release|Any CPU
		{EAEBA221-A8F3-42BC-8BBC-7219FA0BFC6D}.Debug|Any CPU.ActiveCfg = Debug|Any CPU
		{EAEBA221-A8F3-42BC-8BBC-7219FA0BFC6D}.Debug|Any CPU.Build.0 = Debug|Any CPU
		{EAEBA221-A8F3-42BC-8BBC-7219FA0BFC6D}.Release|Any CPU.ActiveCfg = Release|Any CPU
		{EAEBA221-A8F3-42BC-8BBC-7219FA0BFC6D}.Release|Any CPU.Build.0 = Release|Any CPU
	EndGlobalSection
	GlobalSection(SolutionProperties) = preSolution
		HideSolutionNode = FALSE
	EndGlobalSection
	GlobalSection(ExtensibilityGlobals) = postSolution
		SolutionGuid = {7E8184E7-D226-4B4F-8B6A-6604EBA0C4A4}
	EndGlobalSection
EndGlobal
